PODS:
  - Swinject (2.7.1)
  - SwinjectStoryboard (2.2.0):
    - Swinject (~> 2.6)

DEPENDENCIES:
  - Swinject
  - SwinjectStoryboard

SPEC REPOS:
  trunk:
    - Swinject
    - SwinjectStoryboard

SPEC CHECKSUMS:
  Swinject: ddf78b8486dd9b71a667b852cad919ab4484478e
  SwinjectStoryboard: 32512ef16c2b0ff5b8f823b23539c4a50f6d3383

PODFILE CHECKSUM: 84033570f507acd566b7262128b9d784a1d805e4

COCOAPODS: 1.8.4
