// !$*UTF8*$!
{
	archiveVersion = 1;
	classes = {
	};
	objectVersion = 51;
	objects = {

/* Begin PBXBuildFile section */
		1F346177249FC9670037111B /* NavigationCoordinatorProtocol.swift in Sources */ = {isa = PBXBuildFile; fileRef = 1F346176249FC9670037111B /* NavigationCoordinatorProtocol.swift */; };
		1F346179249FC9B40037111B /* BaseNavigationCoordinator.swift in Sources */ = {isa = PBXBuildFile; fileRef = 1F346178249FC9B40037111B /* BaseNavigationCoordinator.swift */; };
		1F34617B249FCB260037111B /* JogsNavigationCoordinator.swift in Sources */ = {isa = PBXBuildFile; fileRef = 1F34617A249FCB260037111B /* JogsNavigationCoordinator.swift */; };
		1F34617D249FCC9E0037111B /* LoginNavigationCoordinator.swift in Sources */ = {isa = PBXBuildFile; fileRef = 1F34617C249FCC9E0037111B /* LoginNavigationCoordinator.swift */; };
		1F34617F249FCD770037111B /* RootNavigationCoordinator.swift in Sources */ = {isa = PBXBuildFile; fileRef = 1F34617E249FCD770037111B /* RootNavigationCoordinator.swift */; };
		1F346189249FD68E0037111B /* BaseViewController.swift in Sources */ = {isa = PBXBuildFile; fileRef = 1F346188249FD68E0037111B /* BaseViewController.swift */; };
		1F34618B249FD6980037111B /* BaseViewModel.swift in Sources */ = {isa = PBXBuildFile; fileRef = 1F34618A249FD6980037111B /* BaseViewModel.swift */; };
		1F34618E249FDAA20037111B /* View-Layout.swift in Sources */ = {isa = PBXBuildFile; fileRef = 1F34618D249FDAA20037111B /* View-Layout.swift */; };
		1F346190249FDD390037111B /* UIViewController+Alerts.swift in Sources */ = {isa = PBXBuildFile; fileRef = 1F34618F249FDD390037111B /* UIViewController+Alerts.swift */; };
		1F346192249FDDD10037111B /* Error+Description.swift in Sources */ = {isa = PBXBuildFile; fileRef = 1F346191249FDDD10037111B /* Error+Description.swift */; };
		1F34619F249FE9060037111B /* LoginViewController.swift in Sources */ = {isa = PBXBuildFile; fileRef = 1F34619E249FE9060037111B /* LoginViewController.swift */; };
		1F3461A1249FE9230037111B /* FeedbackViewController.swift in Sources */ = {isa = PBXBuildFile; fileRef = 1F3461A0249FE9230037111B /* FeedbackViewController.swift */; };
		1F3461A3249FE92E0037111B /* StatisticViewController.swift in Sources */ = {isa = PBXBuildFile; fileRef = 1F3461A2249FE92E0037111B /* StatisticViewController.swift */; };
		1F3461A5249FE9360037111B /* JogsViewController.swift in Sources */ = {isa = PBXBuildFile; fileRef = 1F3461A4249FE9360037111B /* JogsViewController.swift */; };
		1F3461A7249FE9450037111B /* LaunchViewController.swift in Sources */ = {isa = PBXBuildFile; fileRef = 1F3461A6249FE9440037111B /* LaunchViewController.swift */; };
		1F3461A9249FE9580037111B /* LoginViewModel.swift in Sources */ = {isa = PBXBuildFile; fileRef = 1F3461A8249FE9580037111B /* LoginViewModel.swift */; };
		1F3461AB249FE9620037111B /* FeedbackViewModel.swift in Sources */ = {isa = PBXBuildFile; fileRef = 1F3461AA249FE9620037111B /* FeedbackViewModel.swift */; };
		1F3461AD249FE96D0037111B /* StatisticViewModel.swift in Sources */ = {isa = PBXBuildFile; fileRef = 1F3461AC249FE96D0037111B /* StatisticViewModel.swift */; };
		1F3461AF249FE9760037111B /* JogsViewModel.swift in Sources */ = {isa = PBXBuildFile; fileRef = 1F3461AE249FE9760037111B /* JogsViewModel.swift */; };
		1F3461B1249FE9830037111B /* LaunchViewModel.swift in Sources */ = {isa = PBXBuildFile; fileRef = 1F3461B0249FE9830037111B /* LaunchViewModel.swift */; };
		1F3461B3249FECC00037111B /* LoginViewController.storyboard in Resources */ = {isa = PBXBuildFile; fileRef = 1F3461B2249FECC00037111B /* LoginViewController.storyboard */; };
		1F3461B5249FECDF0037111B /* FeedbackViewController.storyboard in Resources */ = {isa = PBXBuildFile; fileRef = 1F3461B4249FECDF0037111B /* FeedbackViewController.storyboard */; };
		1F3461B7249FECEF0037111B /* StatisticViewController.storyboard in Resources */ = {isa = PBXBuildFile; fileRef = 1F3461B6249FECEF0037111B /* StatisticViewController.storyboard */; };
		1F3461B9249FECFF0037111B /* JogsViewController.storyboard in Resources */ = {isa = PBXBuildFile; fileRef = 1F3461B8249FECFF0037111B /* JogsViewController.storyboard */; };
		1F3461BD249FED300037111B /* ControllerEntries.swift in Sources */ = {isa = PBXBuildFile; fileRef = 1F3461BC249FED300037111B /* ControllerEntries.swift */; };
		1F3461C224A0EF740037111B /* NetworkLayer.swift in Sources */ = {isa = PBXBuildFile; fileRef = 1F3461C124A0EF740037111B /* NetworkLayer.swift */; };
		1F3461C424A0F7EF0037111B /* AuthEndPoints.swift in Sources */ = {isa = PBXBuildFile; fileRef = 1F3461C324A0F7EF0037111B /* AuthEndPoints.swift */; };
		1F3461C624A0F84C0037111B /* AppConstants.swift in Sources */ = {isa = PBXBuildFile; fileRef = 1F3461C524A0F84C0037111B /* AppConstants.swift */; };
		1F3461C824A0FBC80037111B /* AuthNetworkProtocol.swift in Sources */ = {isa = PBXBuildFile; fileRef = 1F3461C724A0FBC80037111B /* AuthNetworkProtocol.swift */; };
		1F3461CC24A0FC4A0037111B /* UserCredentials.swift in Sources */ = {isa = PBXBuildFile; fileRef = 1F3461CB24A0FC4A0037111B /* UserCredentials.swift */; };
		1F3461CE24A0FE240037111B /* NetworkLayer+Auth.swift in Sources */ = {isa = PBXBuildFile; fileRef = 1F3461CD24A0FE240037111B /* NetworkLayer+Auth.swift */; };
		1F3461D624A1021D0037111B /* AuthServiceProtocol.swift in Sources */ = {isa = PBXBuildFile; fileRef = 1F3461D524A1021D0037111B /* AuthServiceProtocol.swift */; };
		1F3461D824A1022E0037111B /* AuthService.swift in Sources */ = {isa = PBXBuildFile; fileRef = 1F3461D724A1022E0037111B /* AuthService.swift */; };
		1F3461DA24A108750037111B /* AppPreferences.swift in Sources */ = {isa = PBXBuildFile; fileRef = 1F3461D924A108750037111B /* AppPreferences.swift */; };
		1F3EB2BD24A1DE0700DFBF6E /* JogsEndPoints.swift in Sources */ = {isa = PBXBuildFile; fileRef = 1F3EB2BC24A1DE0700DFBF6E /* JogsEndPoints.swift */; };
		1F3EB2BF24A1E18900DFBF6E /* Jog.swift in Sources */ = {isa = PBXBuildFile; fileRef = 1F3EB2BE24A1E18900DFBF6E /* Jog.swift */; };
		1F3EB2C124A1EC5800DFBF6E /* NetworkLayer+Jogs.swift in Sources */ = {isa = PBXBuildFile; fileRef = 1F3EB2C024A1EC5800DFBF6E /* NetworkLayer+Jogs.swift */; };
		1F3EB2C324A1F5CC00DFBF6E /* CreateJogResponse.swift in Sources */ = {isa = PBXBuildFile; fileRef = 1F3EB2C224A1F5CC00DFBF6E /* CreateJogResponse.swift */; };
		1F3EB2C524A1F75300DFBF6E /* JogsNetworkProtocol.swift in Sources */ = {isa = PBXBuildFile; fileRef = 1F3EB2C424A1F75300DFBF6E /* JogsNetworkProtocol.swift */; };
		1F3EB2C824A1F8C400DFBF6E /* JogsProviderProtocol.swift in Sources */ = {isa = PBXBuildFile; fileRef = 1F3EB2C724A1F8C400DFBF6E /* JogsProviderProtocol.swift */; };
		1F3EB2CA24A1F8CD00DFBF6E /* JogsProvider.swift in Sources */ = {isa = PBXBuildFile; fileRef = 1F3EB2C924A1F8CD00DFBF6E /* JogsProvider.swift */; };
		1F3EB2CD24A3336F00DFBF6E /* FeedbackEndPoints.swift in Sources */ = {isa = PBXBuildFile; fileRef = 1F3EB2CC24A3336F00DFBF6E /* FeedbackEndPoints.swift */; };
		1F3EB2CF24A3338500DFBF6E /* NetworkLayer+Feedback.swift in Sources */ = {isa = PBXBuildFile; fileRef = 1F3EB2CE24A3338500DFBF6E /* NetworkLayer+Feedback.swift */; };
		1F3EB2D124A333A500DFBF6E /* FeedbackNetworkProtocol.swift in Sources */ = {isa = PBXBuildFile; fileRef = 1F3EB2D024A333A500DFBF6E /* FeedbackNetworkProtocol.swift */; };
		1F3EB2D324A336A500DFBF6E /* FeedbackResponse.swift in Sources */ = {isa = PBXBuildFile; fileRef = 1F3EB2D224A336A500DFBF6E /* FeedbackResponse.swift */; };
		1F3EB2D624A3386200DFBF6E /* FeedbackProviderProtocol.swift in Sources */ = {isa = PBXBuildFile; fileRef = 1F3EB2D524A3386200DFBF6E /* FeedbackProviderProtocol.swift */; };
		1F3EB2D824A3386C00DFBF6E /* FeedbackProvider.swift in Sources */ = {isa = PBXBuildFile; fileRef = 1F3EB2D724A3386C00DFBF6E /* FeedbackProvider.swift */; };
		1F4B2979249FBFBB009EB6DD /* DependencyRegistry.swift in Sources */ = {isa = PBXBuildFile; fileRef = 1F4B2978249FBFBB009EB6DD /* DependencyRegistry.swift */; };
		1F4B297B249FC0BA009EB6DD /* SwinjectStoryboard+Setup.swift in Sources */ = {isa = PBXBuildFile; fileRef = 1F4B297A249FC0BA009EB6DD /* SwinjectStoryboard+Setup.swift */; };
		1F4BA860249FA35C002D0056 /* AppDelegate.swift in Sources */ = {isa = PBXBuildFile; fileRef = 1F4BA85F249FA35C002D0056 /* AppDelegate.swift */; };
		1F4BA862249FA35C002D0056 /* SceneDelegate.swift in Sources */ = {isa = PBXBuildFile; fileRef = 1F4BA861249FA35C002D0056 /* SceneDelegate.swift */; };
		1F4BA867249FA35C002D0056 /* Main.storyboard in Resources */ = {isa = PBXBuildFile; fileRef = 1F4BA865249FA35C002D0056 /* Main.storyboard */; };
		1F4BA869249FA35F002D0056 /* Assets.xcassets in Resources */ = {isa = PBXBuildFile; fileRef = 1F4BA868249FA35F002D0056 /* Assets.xcassets */; };
		1F4BA86C249FA35F002D0056 /* LaunchScreen.storyboard in Resources */ = {isa = PBXBuildFile; fileRef = 1F4BA86A249FA35F002D0056 /* LaunchScreen.storyboard */; };
		6BD103CA5AC9EF6D720CC56B /* Pods_JogTracker.framework in Frameworks */ = {isa = PBXBuildFile; fileRef = 5107BD0189A91C4789A09320 /* Pods_JogTracker.framework */; };
/* End PBXBuildFile section */

/* Begin PBXFileReference section */
		141E1AC61E0AB2B5A966F732 /* Pods-JogTracker.debug.xcconfig */ = {isa = PBXFileReference; includeInIndex = 1; lastKnownFileType = text.xcconfig; name = "Pods-JogTracker.debug.xcconfig"; path = "Target Support Files/Pods-JogTracker/Pods-JogTracker.debug.xcconfig"; sourceTree = "<group>"; };
		1F346176249FC9670037111B /* NavigationCoordinatorProtocol.swift */ = {isa = PBXFileReference; lastKnownFileType = sourcecode.swift; path = NavigationCoordinatorProtocol.swift; sourceTree = "<group>"; };
		1F346178249FC9B40037111B /* BaseNavigationCoordinator.swift */ = {isa = PBXFileReference; lastKnownFileType = sourcecode.swift; path = BaseNavigationCoordinator.swift; sourceTree = "<group>"; };
		1F34617A249FCB260037111B /* JogsNavigationCoordinator.swift */ = {isa = PBXFileReference; lastKnownFileType = sourcecode.swift; path = JogsNavigationCoordinator.swift; sourceTree = "<group>"; };
		1F34617C249FCC9E0037111B /* LoginNavigationCoordinator.swift */ = {isa = PBXFileReference; lastKnownFileType = sourcecode.swift; path = LoginNavigationCoordinator.swift; sourceTree = "<group>"; };
		1F34617E249FCD770037111B /* RootNavigationCoordinator.swift */ = {isa = PBXFileReference; lastKnownFileType = sourcecode.swift; path = RootNavigationCoordinator.swift; sourceTree = "<group>"; };
		1F346188249FD68E0037111B /* BaseViewController.swift */ = {isa = PBXFileReference; lastKnownFileType = sourcecode.swift; path = BaseViewController.swift; sourceTree = "<group>"; };
		1F34618A249FD6980037111B /* BaseViewModel.swift */ = {isa = PBXFileReference; lastKnownFileType = sourcecode.swift; path = BaseViewModel.swift; sourceTree = "<group>"; };
		1F34618D249FDAA20037111B /* View-Layout.swift */ = {isa = PBXFileReference; lastKnownFileType = sourcecode.swift; path = "View-Layout.swift"; sourceTree = "<group>"; };
		1F34618F249FDD390037111B /* UIViewController+Alerts.swift */ = {isa = PBXFileReference; lastKnownFileType = sourcecode.swift; path = "UIViewController+Alerts.swift"; sourceTree = "<group>"; };
		1F346191249FDDD10037111B /* Error+Description.swift */ = {isa = PBXFileReference; lastKnownFileType = sourcecode.swift; path = "Error+Description.swift"; sourceTree = "<group>"; };
		1F34619E249FE9060037111B /* LoginViewController.swift */ = {isa = PBXFileReference; lastKnownFileType = sourcecode.swift; path = LoginViewController.swift; sourceTree = "<group>"; };
		1F3461A0249FE9230037111B /* FeedbackViewController.swift */ = {isa = PBXFileReference; lastKnownFileType = sourcecode.swift; path = FeedbackViewController.swift; sourceTree = "<group>"; };
		1F3461A2249FE92E0037111B /* StatisticViewController.swift */ = {isa = PBXFileReference; lastKnownFileType = sourcecode.swift; path = StatisticViewController.swift; sourceTree = "<group>"; };
		1F3461A4249FE9360037111B /* JogsViewController.swift */ = {isa = PBXFileReference; lastKnownFileType = sourcecode.swift; path = JogsViewController.swift; sourceTree = "<group>"; };
		1F3461A6249FE9440037111B /* LaunchViewController.swift */ = {isa = PBXFileReference; lastKnownFileType = sourcecode.swift; path = LaunchViewController.swift; sourceTree = "<group>"; };
		1F3461A8249FE9580037111B /* LoginViewModel.swift */ = {isa = PBXFileReference; lastKnownFileType = sourcecode.swift; path = LoginViewModel.swift; sourceTree = "<group>"; };
		1F3461AA249FE9620037111B /* FeedbackViewModel.swift */ = {isa = PBXFileReference; lastKnownFileType = sourcecode.swift; path = FeedbackViewModel.swift; sourceTree = "<group>"; };
		1F3461AC249FE96D0037111B /* StatisticViewModel.swift */ = {isa = PBXFileReference; lastKnownFileType = sourcecode.swift; path = StatisticViewModel.swift; sourceTree = "<group>"; };
		1F3461AE249FE9760037111B /* JogsViewModel.swift */ = {isa = PBXFileReference; lastKnownFileType = sourcecode.swift; path = JogsViewModel.swift; sourceTree = "<group>"; };
		1F3461B0249FE9830037111B /* LaunchViewModel.swift */ = {isa = PBXFileReference; lastKnownFileType = sourcecode.swift; path = LaunchViewModel.swift; sourceTree = "<group>"; };
		1F3461B2249FECC00037111B /* LoginViewController.storyboard */ = {isa = PBXFileReference; lastKnownFileType = file.storyboard; path = LoginViewController.storyboard; sourceTree = "<group>"; };
		1F3461B4249FECDF0037111B /* FeedbackViewController.storyboard */ = {isa = PBXFileReference; lastKnownFileType = file.storyboard; path = FeedbackViewController.storyboard; sourceTree = "<group>"; };
		1F3461B6249FECEF0037111B /* StatisticViewController.storyboard */ = {isa = PBXFileReference; lastKnownFileType = file.storyboard; path = StatisticViewController.storyboard; sourceTree = "<group>"; };
		1F3461B8249FECFF0037111B /* JogsViewController.storyboard */ = {isa = PBXFileReference; lastKnownFileType = file.storyboard; path = JogsViewController.storyboard; sourceTree = "<group>"; };
		1F3461BC249FED300037111B /* ControllerEntries.swift */ = {isa = PBXFileReference; lastKnownFileType = sourcecode.swift; path = ControllerEntries.swift; sourceTree = "<group>"; };
		1F3461C124A0EF740037111B /* NetworkLayer.swift */ = {isa = PBXFileReference; lastKnownFileType = sourcecode.swift; path = NetworkLayer.swift; sourceTree = "<group>"; };
		1F3461C324A0F7EF0037111B /* AuthEndPoints.swift */ = {isa = PBXFileReference; lastKnownFileType = sourcecode.swift; path = AuthEndPoints.swift; sourceTree = "<group>"; };
		1F3461C524A0F84C0037111B /* AppConstants.swift */ = {isa = PBXFileReference; lastKnownFileType = sourcecode.swift; path = AppConstants.swift; sourceTree = "<group>"; };
		1F3461C724A0FBC80037111B /* AuthNetworkProtocol.swift */ = {isa = PBXFileReference; lastKnownFileType = sourcecode.swift; path = AuthNetworkProtocol.swift; sourceTree = "<group>"; };
		1F3461CB24A0FC4A0037111B /* UserCredentials.swift */ = {isa = PBXFileReference; lastKnownFileType = sourcecode.swift; path = UserCredentials.swift; sourceTree = "<group>"; };
		1F3461CD24A0FE240037111B /* NetworkLayer+Auth.swift */ = {isa = PBXFileReference; lastKnownFileType = sourcecode.swift; path = "NetworkLayer+Auth.swift"; sourceTree = "<group>"; };
		1F3461D524A1021D0037111B /* AuthServiceProtocol.swift */ = {isa = PBXFileReference; lastKnownFileType = sourcecode.swift; path = AuthServiceProtocol.swift; sourceTree = "<group>"; };
		1F3461D724A1022E0037111B /* AuthService.swift */ = {isa = PBXFileReference; lastKnownFileType = sourcecode.swift; path = AuthService.swift; sourceTree = "<group>"; };
		1F3461D924A108750037111B /* AppPreferences.swift */ = {isa = PBXFileReference; lastKnownFileType = sourcecode.swift; path = AppPreferences.swift; sourceTree = "<group>"; };
		1F3EB2BC24A1DE0700DFBF6E /* JogsEndPoints.swift */ = {isa = PBXFileReference; lastKnownFileType = sourcecode.swift; path = JogsEndPoints.swift; sourceTree = "<group>"; };
		1F3EB2BE24A1E18900DFBF6E /* Jog.swift */ = {isa = PBXFileReference; lastKnownFileType = sourcecode.swift; path = Jog.swift; sourceTree = "<group>"; };
		1F3EB2C024A1EC5800DFBF6E /* NetworkLayer+Jogs.swift */ = {isa = PBXFileReference; lastKnownFileType = sourcecode.swift; path = "NetworkLayer+Jogs.swift"; sourceTree = "<group>"; };
		1F3EB2C224A1F5CC00DFBF6E /* CreateJogResponse.swift */ = {isa = PBXFileReference; lastKnownFileType = sourcecode.swift; path = CreateJogResponse.swift; sourceTree = "<group>"; };
		1F3EB2C424A1F75300DFBF6E /* JogsNetworkProtocol.swift */ = {isa = PBXFileReference; lastKnownFileType = sourcecode.swift; path = JogsNetworkProtocol.swift; sourceTree = "<group>"; };
		1F3EB2C724A1F8C400DFBF6E /* JogsProviderProtocol.swift */ = {isa = PBXFileReference; lastKnownFileType = sourcecode.swift; path = JogsProviderProtocol.swift; sourceTree = "<group>"; };
		1F3EB2C924A1F8CD00DFBF6E /* JogsProvider.swift */ = {isa = PBXFileReference; lastKnownFileType = sourcecode.swift; path = JogsProvider.swift; sourceTree = "<group>"; };
		1F3EB2CC24A3336F00DFBF6E /* FeedbackEndPoints.swift */ = {isa = PBXFileReference; lastKnownFileType = sourcecode.swift; path = FeedbackEndPoints.swift; sourceTree = "<group>"; };
		1F3EB2CE24A3338500DFBF6E /* NetworkLayer+Feedback.swift */ = {isa = PBXFileReference; lastKnownFileType = sourcecode.swift; path = "NetworkLayer+Feedback.swift"; sourceTree = "<group>"; };
		1F3EB2D024A333A500DFBF6E /* FeedbackNetworkProtocol.swift */ = {isa = PBXFileReference; lastKnownFileType = sourcecode.swift; path = FeedbackNetworkProtocol.swift; sourceTree = "<group>"; };
		1F3EB2D224A336A500DFBF6E /* FeedbackResponse.swift */ = {isa = PBXFileReference; lastKnownFileType = sourcecode.swift; path = FeedbackResponse.swift; sourceTree = "<group>"; };
		1F3EB2D524A3386200DFBF6E /* FeedbackProviderProtocol.swift */ = {isa = PBXFileReference; lastKnownFileType = sourcecode.swift; path = FeedbackProviderProtocol.swift; sourceTree = "<group>"; };
		1F3EB2D724A3386C00DFBF6E /* FeedbackProvider.swift */ = {isa = PBXFileReference; lastKnownFileType = sourcecode.swift; path = FeedbackProvider.swift; sourceTree = "<group>"; };
		1F4B2978249FBFBB009EB6DD /* DependencyRegistry.swift */ = {isa = PBXFileReference; lastKnownFileType = sourcecode.swift; path = DependencyRegistry.swift; sourceTree = "<group>"; };
		1F4B297A249FC0BA009EB6DD /* SwinjectStoryboard+Setup.swift */ = {isa = PBXFileReference; lastKnownFileType = sourcecode.swift; path = "SwinjectStoryboard+Setup.swift"; sourceTree = "<group>"; };
		1F4BA85C249FA35C002D0056 /* JogTracker.app */ = {isa = PBXFileReference; explicitFileType = wrapper.application; includeInIndex = 0; path = JogTracker.app; sourceTree = BUILT_PRODUCTS_DIR; };
		1F4BA85F249FA35C002D0056 /* AppDelegate.swift */ = {isa = PBXFileReference; lastKnownFileType = sourcecode.swift; path = AppDelegate.swift; sourceTree = "<group>"; };
		1F4BA861249FA35C002D0056 /* SceneDelegate.swift */ = {isa = PBXFileReference; lastKnownFileType = sourcecode.swift; path = SceneDelegate.swift; sourceTree = "<group>"; };
		1F4BA866249FA35C002D0056 /* Base */ = {isa = PBXFileReference; lastKnownFileType = file.storyboard; name = Base; path = Base.lproj/Main.storyboard; sourceTree = "<group>"; };
		1F4BA868249FA35F002D0056 /* Assets.xcassets */ = {isa = PBXFileReference; lastKnownFileType = folder.assetcatalog; path = Assets.xcassets; sourceTree = "<group>"; };
		1F4BA86B249FA35F002D0056 /* Base */ = {isa = PBXFileReference; lastKnownFileType = file.storyboard; name = Base; path = Base.lproj/LaunchScreen.storyboard; sourceTree = "<group>"; };
		1F4BA86D249FA35F002D0056 /* Info.plist */ = {isa = PBXFileReference; lastKnownFileType = text.plist.xml; path = Info.plist; sourceTree = "<group>"; };
		5107BD0189A91C4789A09320 /* Pods_JogTracker.framework */ = {isa = PBXFileReference; explicitFileType = wrapper.framework; includeInIndex = 0; path = Pods_JogTracker.framework; sourceTree = BUILT_PRODUCTS_DIR; };
		692A92CFD9D74A06B7E342B4 /* Pods-JogTracker.release.xcconfig */ = {isa = PBXFileReference; includeInIndex = 1; lastKnownFileType = text.xcconfig; name = "Pods-JogTracker.release.xcconfig"; path = "Target Support Files/Pods-JogTracker/Pods-JogTracker.release.xcconfig"; sourceTree = "<group>"; };
/* End PBXFileReference section */

/* Begin PBXFrameworksBuildPhase section */
		1F4BA859249FA35C002D0056 /* Frameworks */ = {
			isa = PBXFrameworksBuildPhase;
			buildActionMask = 2147483647;
			files = (
				6BD103CA5AC9EF6D720CC56B /* Pods_JogTracker.framework in Frameworks */,
			);
			runOnlyForDeploymentPostprocessing = 0;
		};
/* End PBXFrameworksBuildPhase section */

/* Begin PBXGroup section */
		1F346175249FC9220037111B /* Navigation */ = {
			isa = PBXGroup;
			children = (
				1F346176249FC9670037111B /* NavigationCoordinatorProtocol.swift */,
				1F346178249FC9B40037111B /* BaseNavigationCoordinator.swift */,
				1F34617A249FCB260037111B /* JogsNavigationCoordinator.swift */,
				1F34617C249FCC9E0037111B /* LoginNavigationCoordinator.swift */,
				1F34617E249FCD770037111B /* RootNavigationCoordinator.swift */,
			);
			path = Navigation;
			sourceTree = "<group>";
		};
		1F346180249FD6260037111B /* Scenes */ = {
			isa = PBXGroup;
			children = (
				1F346187249FD6740037111B /* Login */,
				1F346184249FD64E0037111B /* FeedBack */,
				1F346183249FD6470037111B /* Statistic */,
				1F346182249FD6400037111B /* Jogs */,
				1F346181249FD6340037111B /* Launch */,
				1F346188249FD68E0037111B /* BaseViewController.swift */,
				1F34618A249FD6980037111B /* BaseViewModel.swift */,
			);
			path = Scenes;
			sourceTree = "<group>";
		};
		1F346181249FD6340037111B /* Launch */ = {
			isa = PBXGroup;
			children = (
				1F34619B249FE8D00037111B /* Controller */,
				1F34619A249FE8CE0037111B /* ViewModel */,
				1F4BA865249FA35C002D0056 /* Main.storyboard */,
			);
			path = Launch;
			sourceTree = "<group>";
		};
		1F346182249FD6400037111B /* Jogs */ = {
			isa = PBXGroup;
			children = (
				1F346199249FE8CB0037111B /* Controller */,
				1F346198249FE8C70037111B /* ViewModel */,
				1F3461B8249FECFF0037111B /* JogsViewController.storyboard */,
			);
			path = Jogs;
			sourceTree = "<group>";
		};
		1F346183249FD6470037111B /* Statistic */ = {
			isa = PBXGroup;
			children = (
				1F346196249FE8BA0037111B /* Controller */,
				1F346195249FE8B60037111B /* ViewModel */,
				1F3461B6249FECEF0037111B /* StatisticViewController.storyboard */,
			);
			path = Statistic;
			sourceTree = "<group>";
		};
		1F346184249FD64E0037111B /* FeedBack */ = {
			isa = PBXGroup;
			children = (
				1F346194249FE8A80037111B /* Controller */,
				1F346193249FE8A40037111B /* ViewModel */,
				1F3461B4249FECDF0037111B /* FeedbackViewController.storyboard */,
			);
			path = FeedBack;
			sourceTree = "<group>";
		};
		1F346187249FD6740037111B /* Login */ = {
			isa = PBXGroup;
			children = (
				1F34619D249FE8D60037111B /* Controller */,
				1F34619C249FE8D40037111B /* ViewModel */,
				1F3461B2249FECC00037111B /* LoginViewController.storyboard */,
			);
			path = Login;
			sourceTree = "<group>";
		};
		1F34618C249FDA860037111B /* Helpers */ = {
			isa = PBXGroup;
			children = (
				1F34618D249FDAA20037111B /* View-Layout.swift */,
				1F34618F249FDD390037111B /* UIViewController+Alerts.swift */,
				1F346191249FDDD10037111B /* Error+Description.swift */,
				1F3461BC249FED300037111B /* ControllerEntries.swift */,
			);
			path = Helpers;
			sourceTree = "<group>";
		};
		1F346193249FE8A40037111B /* ViewModel */ = {
			isa = PBXGroup;
			children = (
				1F3461AA249FE9620037111B /* FeedbackViewModel.swift */,
			);
			path = ViewModel;
			sourceTree = "<group>";
		};
		1F346194249FE8A80037111B /* Controller */ = {
			isa = PBXGroup;
			children = (
				1F3461A0249FE9230037111B /* FeedbackViewController.swift */,
			);
			path = Controller;
			sourceTree = "<group>";
		};
		1F346195249FE8B60037111B /* ViewModel */ = {
			isa = PBXGroup;
			children = (
				1F3461AC249FE96D0037111B /* StatisticViewModel.swift */,
			);
			path = ViewModel;
			sourceTree = "<group>";
		};
		1F346196249FE8BA0037111B /* Controller */ = {
			isa = PBXGroup;
			children = (
				1F3461A2249FE92E0037111B /* StatisticViewController.swift */,
			);
			path = Controller;
			sourceTree = "<group>";
		};
		1F346198249FE8C70037111B /* ViewModel */ = {
			isa = PBXGroup;
			children = (
				1F3461AE249FE9760037111B /* JogsViewModel.swift */,
			);
			path = ViewModel;
			sourceTree = "<group>";
		};
		1F346199249FE8CB0037111B /* Controller */ = {
			isa = PBXGroup;
			children = (
				1F3461A4249FE9360037111B /* JogsViewController.swift */,
			);
			path = Controller;
			sourceTree = "<group>";
		};
		1F34619A249FE8CE0037111B /* ViewModel */ = {
			isa = PBXGroup;
			children = (
				1F3461B0249FE9830037111B /* LaunchViewModel.swift */,
			);
			path = ViewModel;
			sourceTree = "<group>";
		};
		1F34619B249FE8D00037111B /* Controller */ = {
			isa = PBXGroup;
			children = (
				1F3461A6249FE9440037111B /* LaunchViewController.swift */,
			);
			path = Controller;
			sourceTree = "<group>";
		};
		1F34619C249FE8D40037111B /* ViewModel */ = {
			isa = PBXGroup;
			children = (
				1F3461A8249FE9580037111B /* LoginViewModel.swift */,
			);
			path = ViewModel;
			sourceTree = "<group>";
		};
		1F34619D249FE8D60037111B /* Controller */ = {
			isa = PBXGroup;
			children = (
				1F34619E249FE9060037111B /* LoginViewController.swift */,
			);
			path = Controller;
			sourceTree = "<group>";
		};
		1F3461BE24A0EF360037111B /* Layers */ = {
			isa = PBXGroup;
			children = (
				1F3461C924A0FC320037111B /* DataLayer */,
				1F3461BF24A0EF470037111B /* NetworkLayer */,
			);
			path = Layers;
			sourceTree = "<group>";
		};
		1F3461BF24A0EF470037111B /* NetworkLayer */ = {
			isa = PBXGroup;
			children = (
				1F3EB2CB24A3335200DFBF6E /* Feedback */,
				1F3EB2BB24A1DDB400DFBF6E /* Jogs */,
				1F3461C024A0EF5F0037111B /* Auth */,
				1F3461C124A0EF740037111B /* NetworkLayer.swift */,
			);
			path = NetworkLayer;
			sourceTree = "<group>";
		};
		1F3461C024A0EF5F0037111B /* Auth */ = {
			isa = PBXGroup;
			children = (
				1F3461C324A0F7EF0037111B /* AuthEndPoints.swift */,
				1F3461C724A0FBC80037111B /* AuthNetworkProtocol.swift */,
				1F3461CD24A0FE240037111B /* NetworkLayer+Auth.swift */,
			);
			path = Auth;
			sourceTree = "<group>";
		};
		1F3461C924A0FC320037111B /* DataLayer */ = {
			isa = PBXGroup;
			children = (
				1F3461CA24A0FC3B0037111B /* Models */,
			);
			path = DataLayer;
			sourceTree = "<group>";
		};
		1F3461CA24A0FC3B0037111B /* Models */ = {
			isa = PBXGroup;
			children = (
				1F3461CB24A0FC4A0037111B /* UserCredentials.swift */,
				1F3EB2BE24A1E18900DFBF6E /* Jog.swift */,
				1F3EB2C224A1F5CC00DFBF6E /* CreateJogResponse.swift */,
				1F3EB2D224A336A500DFBF6E /* FeedbackResponse.swift */,
			);
			path = Models;
			sourceTree = "<group>";
		};
		1F3461CF24A101630037111B /* Services */ = {
			isa = PBXGroup;
			children = (
				1F3EB2D424A3384900DFBF6E /* Feedback */,
				1F3EB2C624A1F8B200DFBF6E /* Jogs */,
				1F3461D424A102080037111B /* Authentication */,
			);
			path = Services;
			sourceTree = "<group>";
		};
		1F3461D424A102080037111B /* Authentication */ = {
			isa = PBXGroup;
			children = (
				1F3461D524A1021D0037111B /* AuthServiceProtocol.swift */,
				1F3461D724A1022E0037111B /* AuthService.swift */,
			);
			path = Authentication;
			sourceTree = "<group>";
		};
		1F3EB2BB24A1DDB400DFBF6E /* Jogs */ = {
			isa = PBXGroup;
			children = (
				1F3EB2BC24A1DE0700DFBF6E /* JogsEndPoints.swift */,
				1F3EB2C024A1EC5800DFBF6E /* NetworkLayer+Jogs.swift */,
				1F3EB2C424A1F75300DFBF6E /* JogsNetworkProtocol.swift */,
			);
			path = Jogs;
			sourceTree = "<group>";
		};
		1F3EB2C624A1F8B200DFBF6E /* Jogs */ = {
			isa = PBXGroup;
			children = (
				1F3EB2C724A1F8C400DFBF6E /* JogsProviderProtocol.swift */,
				1F3EB2C924A1F8CD00DFBF6E /* JogsProvider.swift */,
			);
			path = Jogs;
			sourceTree = "<group>";
		};
		1F3EB2CB24A3335200DFBF6E /* Feedback */ = {
			isa = PBXGroup;
			children = (
				1F3EB2CC24A3336F00DFBF6E /* FeedbackEndPoints.swift */,
				1F3EB2CE24A3338500DFBF6E /* NetworkLayer+Feedback.swift */,
				1F3EB2D024A333A500DFBF6E /* FeedbackNetworkProtocol.swift */,
			);
			path = Feedback;
			sourceTree = "<group>";
		};
		1F3EB2D424A3384900DFBF6E /* Feedback */ = {
			isa = PBXGroup;
			children = (
				1F3EB2D524A3386200DFBF6E /* FeedbackProviderProtocol.swift */,
				1F3EB2D724A3386C00DFBF6E /* FeedbackProvider.swift */,
			);
			path = Feedback;
			sourceTree = "<group>";
		};
		1F4B2976249FB6BD009EB6DD /* Application */ = {
			isa = PBXGroup;
			children = (
				1F4BA861249FA35C002D0056 /* SceneDelegate.swift */,
				1F4BA85F249FA35C002D0056 /* AppDelegate.swift */,
				1F3461C524A0F84C0037111B /* AppConstants.swift */,
				1F3461D924A108750037111B /* AppPreferences.swift */,
			);
			path = Application;
			sourceTree = "<group>";
		};
		1F4B2977249FBFA0009EB6DD /* DI */ = {
			isa = PBXGroup;
			children = (
				1F4B2978249FBFBB009EB6DD /* DependencyRegistry.swift */,
				1F4B297A249FC0BA009EB6DD /* SwinjectStoryboard+Setup.swift */,
			);
			path = DI;
			sourceTree = "<group>";
		};
		1F4BA853249FA35C002D0056 = {
			isa = PBXGroup;
			children = (
				1F4BA85E249FA35C002D0056 /* JogTracker */,
				1F4BA85D249FA35C002D0056 /* Products */,
				D7E29149F9E530611A8A225C /* Pods */,
				CDE8E17919A7747FF9B48621 /* Frameworks */,
			);
			sourceTree = "<group>";
		};
		1F4BA85D249FA35C002D0056 /* Products */ = {
			isa = PBXGroup;
			children = (
				1F4BA85C249FA35C002D0056 /* JogTracker.app */,
			);
			name = Products;
			sourceTree = "<group>";
		};
		1F4BA85E249FA35C002D0056 /* JogTracker */ = {
			isa = PBXGroup;
			children = (
				1F4B2976249FB6BD009EB6DD /* Application */,
				1F34618C249FDA860037111B /* Helpers */,
				1F4B2977249FBFA0009EB6DD /* DI */,
				1F346175249FC9220037111B /* Navigation */,
				1F3461BE24A0EF360037111B /* Layers */,
				1F3461CF24A101630037111B /* Services */,
				1F346180249FD6260037111B /* Scenes */,
				1F4BA868249FA35F002D0056 /* Assets.xcassets */,
				1F4BA86A249FA35F002D0056 /* LaunchScreen.storyboard */,
				1F4BA86D249FA35F002D0056 /* Info.plist */,
			);
			path = JogTracker;
			sourceTree = "<group>";
		};
		CDE8E17919A7747FF9B48621 /* Frameworks */ = {
			isa = PBXGroup;
			children = (
				5107BD0189A91C4789A09320 /* Pods_JogTracker.framework */,
			);
			name = Frameworks;
			sourceTree = "<group>";
		};
		D7E29149F9E530611A8A225C /* Pods */ = {
			isa = PBXGroup;
			children = (
				141E1AC61E0AB2B5A966F732 /* Pods-JogTracker.debug.xcconfig */,
				692A92CFD9D74A06B7E342B4 /* Pods-JogTracker.release.xcconfig */,
			);
			path = Pods;
			sourceTree = "<group>";
		};
/* End PBXGroup section */

/* Begin PBXNativeTarget section */
		1F4BA85B249FA35C002D0056 /* JogTracker */ = {
			isa = PBXNativeTarget;
			buildConfigurationList = 1F4BA870249FA35F002D0056 /* Build configuration list for PBXNativeTarget "JogTracker" */;
			buildPhases = (
				10FF8C51803287A27BDC9CAD /* [CP] Check Pods Manifest.lock */,
				1F4BA858249FA35C002D0056 /* Sources */,
				1F4BA859249FA35C002D0056 /* Frameworks */,
				1F4BA85A249FA35C002D0056 /* Resources */,
				E9E8C30733D5051A2360F06F /* [CP] Embed Pods Frameworks */,
			);
			buildRules = (
			);
			dependencies = (
			);
			name = JogTracker;
			productName = JogTracker;
			productReference = 1F4BA85C249FA35C002D0056 /* JogTracker.app */;
			productType = "com.apple.product-type.application";
		};
/* End PBXNativeTarget section */

/* Begin PBXProject section */
		1F4BA854249FA35C002D0056 /* Project object */ = {
			isa = PBXProject;
			attributes = {
				LastSwiftUpdateCheck = 1130;
				LastUpgradeCheck = 1130;
				ORGANIZATIONNAME = AlexandrMazurov;
				TargetAttributes = {
					1F4BA85B249FA35C002D0056 = {
						CreatedOnToolsVersion = 11.3.1;
					};
				};
			};
			buildConfigurationList = 1F4BA857249FA35C002D0056 /* Build configuration list for PBXProject "JogTracker" */;
			compatibilityVersion = "Xcode 9.3";
			developmentRegion = en;
			hasScannedForEncodings = 0;
			knownRegions = (
				en,
				Base,
			);
			mainGroup = 1F4BA853249FA35C002D0056;
			productRefGroup = 1F4BA85D249FA35C002D0056 /* Products */;
			projectDirPath = "";
			projectRoot = "";
			targets = (
				1F4BA85B249FA35C002D0056 /* JogTracker */,
			);
		};
/* End PBXProject section */

/* Begin PBXResourcesBuildPhase section */
		1F4BA85A249FA35C002D0056 /* Resources */ = {
			isa = PBXResourcesBuildPhase;
			buildActionMask = 2147483647;
			files = (
				1F4BA86C249FA35F002D0056 /* LaunchScreen.storyboard in Resources */,
				1F3461B3249FECC00037111B /* LoginViewController.storyboard in Resources */,
				1F3461B7249FECEF0037111B /* StatisticViewController.storyboard in Resources */,
				1F3461B5249FECDF0037111B /* FeedbackViewController.storyboard in Resources */,
				1F3461B9249FECFF0037111B /* JogsViewController.storyboard in Resources */,
				1F4BA869249FA35F002D0056 /* Assets.xcassets in Resources */,
				1F4BA867249FA35C002D0056 /* Main.storyboard in Resources */,
			);
			runOnlyForDeploymentPostprocessing = 0;
		};
/* End PBXResourcesBuildPhase section */

/* Begin PBXShellScriptBuildPhase section */
		10FF8C51803287A27BDC9CAD /* [CP] Check Pods Manifest.lock */ = {
			isa = PBXShellScriptBuildPhase;
			buildActionMask = 2147483647;
			files = (
			);
			inputFileListPaths = (
			);
			inputPaths = (
				"${PODS_PODFILE_DIR_PATH}/Podfile.lock",
				"${PODS_ROOT}/Manifest.lock",
			);
			name = "[CP] Check Pods Manifest.lock";
			outputFileListPaths = (
			);
			outputPaths = (
				"$(DERIVED_FILE_DIR)/Pods-JogTracker-checkManifestLockResult.txt",
			);
			runOnlyForDeploymentPostprocessing = 0;
			shellPath = /bin/sh;
			shellScript = "diff \"${PODS_PODFILE_DIR_PATH}/Podfile.lock\" \"${PODS_ROOT}/Manifest.lock\" > /dev/null\nif [ $? != 0 ] ; then\n    # print error to STDERR\n    echo \"error: The sandbox is not in sync with the Podfile.lock. Run 'pod install' or update your CocoaPods installation.\" >&2\n    exit 1\nfi\n# This output is used by Xcode 'outputs' to avoid re-running this script phase.\necho \"SUCCESS\" > \"${SCRIPT_OUTPUT_FILE_0}\"\n";
			showEnvVarsInLog = 0;
		};
		E9E8C30733D5051A2360F06F /* [CP] Embed Pods Frameworks */ = {
			isa = PBXShellScriptBuildPhase;
			buildActionMask = 2147483647;
			files = (
			);
			inputFileListPaths = (
				"${PODS_ROOT}/Target Support Files/Pods-JogTracker/Pods-JogTracker-frameworks-${CONFIGURATION}-input-files.xcfilelist",
			);
			name = "[CP] Embed Pods Frameworks";
			outputFileListPaths = (
				"${PODS_ROOT}/Target Support Files/Pods-JogTracker/Pods-JogTracker-frameworks-${CONFIGURATION}-output-files.xcfilelist",
			);
			runOnlyForDeploymentPostprocessing = 0;
			shellPath = /bin/sh;
			shellScript = "\"${PODS_ROOT}/Target Support Files/Pods-JogTracker/Pods-JogTracker-frameworks.sh\"\n";
			showEnvVarsInLog = 0;
		};
/* End PBXShellScriptBuildPhase section */

/* Begin PBXSourcesBuildPhase section */
		1F4BA858249FA35C002D0056 /* Sources */ = {
			isa = PBXSourcesBuildPhase;
			buildActionMask = 2147483647;
			files = (
				1F34618E249FDAA20037111B /* View-Layout.swift in Sources */,
				1F3461A1249FE9230037111B /* FeedbackViewController.swift in Sources */,
				1F3461B1249FE9830037111B /* LaunchViewModel.swift in Sources */,
				1F3EB2CD24A3336F00DFBF6E /* FeedbackEndPoints.swift in Sources */,
				1F34617B249FCB260037111B /* JogsNavigationCoordinator.swift in Sources */,
				1F3EB2BF24A1E18900DFBF6E /* Jog.swift in Sources */,
				1F3EB2D324A336A500DFBF6E /* FeedbackResponse.swift in Sources */,
				1F3EB2D624A3386200DFBF6E /* FeedbackProviderProtocol.swift in Sources */,
				1F3EB2C824A1F8C400DFBF6E /* JogsProviderProtocol.swift in Sources */,
				1F346189249FD68E0037111B /* BaseViewController.swift in Sources */,
				1F3EB2C124A1EC5800DFBF6E /* NetworkLayer+Jogs.swift in Sources */,
				1F3461AB249FE9620037111B /* FeedbackViewModel.swift in Sources */,
				1F4B297B249FC0BA009EB6DD /* SwinjectStoryboard+Setup.swift in Sources */,
				1F346190249FDD390037111B /* UIViewController+Alerts.swift in Sources */,
				1F3EB2C524A1F75300DFBF6E /* JogsNetworkProtocol.swift in Sources */,
				1F4BA860249FA35C002D0056 /* AppDelegate.swift in Sources */,
				1F3461D624A1021D0037111B /* AuthServiceProtocol.swift in Sources */,
				1F34618B249FD6980037111B /* BaseViewModel.swift in Sources */,
				1F3EB2CA24A1F8CD00DFBF6E /* JogsProvider.swift in Sources */,
				1F3EB2D124A333A500DFBF6E /* FeedbackNetworkProtocol.swift in Sources */,
				1F3EB2CF24A3338500DFBF6E /* NetworkLayer+Feedback.swift in Sources */,
				1F3461AD249FE96D0037111B /* StatisticViewModel.swift in Sources */,
				1F3461C624A0F84C0037111B /* AppConstants.swift in Sources */,
				1F4BA862249FA35C002D0056 /* SceneDelegate.swift in Sources */,
				1F3461C424A0F7EF0037111B /* AuthEndPoints.swift in Sources */,
				1F3EB2C324A1F5CC00DFBF6E /* CreateJogResponse.swift in Sources */,
				1F346179249FC9B40037111B /* BaseNavigationCoordinator.swift in Sources */,
				1F3461BD249FED300037111B /* ControllerEntries.swift in Sources */,
				1F3EB2D824A3386C00DFBF6E /* FeedbackProvider.swift in Sources */,
				1F3461A7249FE9450037111B /* LaunchViewController.swift in Sources */,
				1F34617F249FCD770037111B /* RootNavigationCoordinator.swift in Sources */,
				1F3461C824A0FBC80037111B /* AuthNetworkProtocol.swift in Sources */,
				1F3461C224A0EF740037111B /* NetworkLayer.swift in Sources */,
				1F346177249FC9670037111B /* NavigationCoordinatorProtocol.swift in Sources */,
				1F3EB2BD24A1DE0700DFBF6E /* JogsEndPoints.swift in Sources */,
				1F3461DA24A108750037111B /* AppPreferences.swift in Sources */,
				1F34619F249FE9060037111B /* LoginViewController.swift in Sources */,
				1F346192249FDDD10037111B /* Error+Description.swift in Sources */,
				1F3461A3249FE92E0037111B /* StatisticViewController.swift in Sources */,
				1F3461CE24A0FE240037111B /* NetworkLayer+Auth.swift in Sources */,
				1F3461A5249FE9360037111B /* JogsViewController.swift in Sources */,
				1F3461D824A1022E0037111B /* AuthService.swift in Sources */,
				1F4B2979249FBFBB009EB6DD /* DependencyRegistry.swift in Sources */,
				1F3461AF249FE9760037111B /* JogsViewModel.swift in Sources */,
				1F34617D249FCC9E0037111B /* LoginNavigationCoordinator.swift in Sources */,
				1F3461A9249FE9580037111B /* LoginViewModel.swift in Sources */,
				1F3461CC24A0FC4A0037111B /* UserCredentials.swift in Sources */,
			);
			runOnlyForDeploymentPostprocessing = 0;
		};
/* End PBXSourcesBuildPhase section */

/* Begin PBXVariantGroup section */
		1F4BA865249FA35C002D0056 /* Main.storyboard */ = {
			isa = PBXVariantGroup;
			children = (
				1F4BA866249FA35C002D0056 /* Base */,
			);
			name = Main.storyboard;
			sourceTree = "<group>";
		};
		1F4BA86A249FA35F002D0056 /* LaunchScreen.storyboard */ = {
			isa = PBXVariantGroup;
			children = (
				1F4BA86B249FA35F002D0056 /* Base */,
			);
			name = LaunchScreen.storyboard;
			sourceTree = "<group>";
		};
/* End PBXVariantGroup section */

/* Begin XCBuildConfiguration section */
		1F4BA86E249FA35F002D0056 /* Debug */ = {
			isa = XCBuildConfiguration;
			buildSettings = {
				ALWAYS_SEARCH_USER_PATHS = NO;
				CLANG_ANALYZER_NONNULL = YES;
				CLANG_ANALYZER_NUMBER_OBJECT_CONVERSION = YES_AGGRESSIVE;
				CLANG_CXX_LANGUAGE_STANDARD = "gnu++14";
				CLANG_CXX_LIBRARY = "libc++";
				CLANG_ENABLE_MODULES = YES;
				CLANG_ENABLE_OBJC_ARC = YES;
				CLANG_ENABLE_OBJC_WEAK = YES;
				CLANG_WARN_BLOCK_CAPTURE_AUTORELEASING = YES;
				CLANG_WARN_BOOL_CONVERSION = YES;
				CLANG_WARN_COMMA = YES;
				CLANG_WARN_CONSTANT_CONVERSION = YES;
				CLANG_WARN_DEPRECATED_OBJC_IMPLEMENTATIONS = YES;
				CLANG_WARN_DIRECT_OBJC_ISA_USAGE = YES_ERROR;
				CLANG_WARN_DOCUMENTATION_COMMENTS = YES;
				CLANG_WARN_EMPTY_BODY = YES;
				CLANG_WARN_ENUM_CONVERSION = YES;
				CLANG_WARN_INFINITE_RECURSION = YES;
				CLANG_WARN_INT_CONVERSION = YES;
				CLANG_WARN_NON_LITERAL_NULL_CONVERSION = YES;
				CLANG_WARN_OBJC_IMPLICIT_RETAIN_SELF = YES;
				CLANG_WARN_OBJC_LITERAL_CONVERSION = YES;
				CLANG_WARN_OBJC_ROOT_CLASS = YES_ERROR;
				CLANG_WARN_RANGE_LOOP_ANALYSIS = YES;
				CLANG_WARN_STRICT_PROTOTYPES = YES;
				CLANG_WARN_SUSPICIOUS_MOVE = YES;
				CLANG_WARN_UNGUARDED_AVAILABILITY = YES_AGGRESSIVE;
				CLANG_WARN_UNREACHABLE_CODE = YES;
				CLANG_WARN__DUPLICATE_METHOD_MATCH = YES;
				COPY_PHASE_STRIP = NO;
				DEBUG_INFORMATION_FORMAT = dwarf;
				ENABLE_STRICT_OBJC_MSGSEND = YES;
				ENABLE_TESTABILITY = YES;
				GCC_C_LANGUAGE_STANDARD = gnu11;
				GCC_DYNAMIC_NO_PIC = NO;
				GCC_NO_COMMON_BLOCKS = YES;
				GCC_OPTIMIZATION_LEVEL = 0;
				GCC_PREPROCESSOR_DEFINITIONS = (
					"DEBUG=1",
					"$(inherited)",
				);
				GCC_WARN_64_TO_32_BIT_CONVERSION = YES;
				GCC_WARN_ABOUT_RETURN_TYPE = YES_ERROR;
				GCC_WARN_UNDECLARED_SELECTOR = YES;
				GCC_WARN_UNINITIALIZED_AUTOS = YES_AGGRESSIVE;
				GCC_WARN_UNUSED_FUNCTION = YES;
				GCC_WARN_UNUSED_VARIABLE = YES;
				IPHONEOS_DEPLOYMENT_TARGET = 13.2;
				MTL_ENABLE_DEBUG_INFO = INCLUDE_SOURCE;
				MTL_FAST_MATH = YES;
				ONLY_ACTIVE_ARCH = YES;
				SDKROOT = iphoneos;
				SWIFT_ACTIVE_COMPILATION_CONDITIONS = DEBUG;
				SWIFT_OPTIMIZATION_LEVEL = "-Onone";
			};
			name = Debug;
		};
		1F4BA86F249FA35F002D0056 /* Release */ = {
			isa = XCBuildConfiguration;
			buildSettings = {
				ALWAYS_SEARCH_USER_PATHS = NO;
				CLANG_ANALYZER_NONNULL = YES;
				CLANG_ANALYZER_NUMBER_OBJECT_CONVERSION = YES_AGGRESSIVE;
				CLANG_CXX_LANGUAGE_STANDARD = "gnu++14";
				CLANG_CXX_LIBRARY = "libc++";
				CLANG_ENABLE_MODULES = YES;
				CLANG_ENABLE_OBJC_ARC = YES;
				CLANG_ENABLE_OBJC_WEAK = YES;
				CLANG_WARN_BLOCK_CAPTURE_AUTORELEASING = YES;
				CLANG_WARN_BOOL_CONVERSION = YES;
				CLANG_WARN_COMMA = YES;
				CLANG_WARN_CONSTANT_CONVERSION = YES;
				CLANG_WARN_DEPRECATED_OBJC_IMPLEMENTATIONS = YES;
				CLANG_WARN_DIRECT_OBJC_ISA_USAGE = YES_ERROR;
				CLANG_WARN_DOCUMENTATION_COMMENTS = YES;
				CLANG_WARN_EMPTY_BODY = YES;
				CLANG_WARN_ENUM_CONVERSION = YES;
				CLANG_WARN_INFINITE_RECURSION = YES;
				CLANG_WARN_INT_CONVERSION = YES;
				CLANG_WARN_NON_LITERAL_NULL_CONVERSION = YES;
				CLANG_WARN_OBJC_IMPLICIT_RETAIN_SELF = YES;
				CLANG_WARN_OBJC_LITERAL_CONVERSION = YES;
				CLANG_WARN_OBJC_ROOT_CLASS = YES_ERROR;
				CLANG_WARN_RANGE_LOOP_ANALYSIS = YES;
				CLANG_WARN_STRICT_PROTOTYPES = YES;
				CLANG_WARN_SUSPICIOUS_MOVE = YES;
				CLANG_WARN_UNGUARDED_AVAILABILITY = YES_AGGRESSIVE;
				CLANG_WARN_UNREACHABLE_CODE = YES;
				CLANG_WARN__DUPLICATE_METHOD_MATCH = YES;
				COPY_PHASE_STRIP = NO;
				DEBUG_INFORMATION_FORMAT = "dwarf-with-dsym";
				ENABLE_NS_ASSERTIONS = NO;
				ENABLE_STRICT_OBJC_MSGSEND = YES;
				GCC_C_LANGUAGE_STANDARD = gnu11;
				GCC_NO_COMMON_BLOCKS = YES;
				GCC_WARN_64_TO_32_BIT_CONVERSION = YES;
				GCC_WARN_ABOUT_RETURN_TYPE = YES_ERROR;
				GCC_WARN_UNDECLARED_SELECTOR = YES;
				GCC_WARN_UNINITIALIZED_AUTOS = YES_AGGRESSIVE;
				GCC_WARN_UNUSED_FUNCTION = YES;
				GCC_WARN_UNUSED_VARIABLE = YES;
				IPHONEOS_DEPLOYMENT_TARGET = 13.2;
				MTL_ENABLE_DEBUG_INFO = NO;
				MTL_FAST_MATH = YES;
				SDKROOT = iphoneos;
				SWIFT_COMPILATION_MODE = wholemodule;
				SWIFT_OPTIMIZATION_LEVEL = "-O";
				VALIDATE_PRODUCT = YES;
			};
			name = Release;
		};
		1F4BA871249FA35F002D0056 /* Debug */ = {
			isa = XCBuildConfiguration;
			baseConfigurationReference = 141E1AC61E0AB2B5A966F732 /* Pods-JogTracker.debug.xcconfig */;
			buildSettings = {
				ASSETCATALOG_COMPILER_APPICON_NAME = AppIcon;
				CODE_SIGN_STYLE = Automatic;
				DEVELOPMENT_TEAM = MLCGPYD7C9;
				INFOPLIST_FILE = JogTracker/Info.plist;
				LD_RUNPATH_SEARCH_PATHS = (
					"$(inherited)",
					"@executable_path/Frameworks",
				);
				PRODUCT_BUNDLE_IDENTIFIER = AlexandrMazurov.JogTracker;
				PRODUCT_NAME = "$(TARGET_NAME)";
				SWIFT_VERSION = 5.0;
				TARGETED_DEVICE_FAMILY = "1,2";
			};
			name = Debug;
		};
		1F4BA872249FA35F002D0056 /* Release */ = {
			isa = XCBuildConfiguration;
			baseConfigurationReference = 692A92CFD9D74A06B7E342B4 /* Pods-JogTracker.release.xcconfig */;
			buildSettings = {
				ASSETCATALOG_COMPILER_APPICON_NAME = AppIcon;
				CODE_SIGN_STYLE = Automatic;
				DEVELOPMENT_TEAM = MLCGPYD7C9;
				INFOPLIST_FILE = JogTracker/Info.plist;
				LD_RUNPATH_SEARCH_PATHS = (
					"$(inherited)",
					"@executable_path/Frameworks",
				);
				PRODUCT_BUNDLE_IDENTIFIER = AlexandrMazurov.JogTracker;
				PRODUCT_NAME = "$(TARGET_NAME)";
				SWIFT_VERSION = 5.0;
				TARGETED_DEVICE_FAMILY = "1,2";
			};
			name = Release;
		};
/* End XCBuildConfiguration section */

/* Begin XCConfigurationList section */
		1F4BA857249FA35C002D0056 /* Build configuration list for PBXProject "JogTracker" */ = {
			isa = XCConfigurationList;
			buildConfigurations = (
				1F4BA86E249FA35F002D0056 /* Debug */,
				1F4BA86F249FA35F002D0056 /* Release */,
			);
			defaultConfigurationIsVisible = 0;
			defaultConfigurationName = Release;
		};
		1F4BA870249FA35F002D0056 /* Build configuration list for PBXNativeTarget "JogTracker" */ = {
			isa = XCConfigurationList;
			buildConfigurations = (
				1F4BA871249FA35F002D0056 /* Debug */,
				1F4BA872249FA35F002D0056 /* Release */,
			);
			defaultConfigurationIsVisible = 0;
			defaultConfigurationName = Release;
		};
/* End XCConfigurationList section */
	};
	rootObject = 1F4BA854249FA35C002D0056 /* Project object */;
}
